
Microsoft Visual Studio Solution File, Format Version 12.00
# Visual Studio 14
VisualStudioVersion = 14.0.25420.1
MinimumVisualStudioVersion = 10.0.40219.1
Project("{FAE04EC0-301F-11D3-BF4B-00C04F79EFBC}") = "Invoke_Test", "Invoke_Test\Invoke_Test.csproj", "{21454532-4C75-42CA-AAE0-416BE0A6D91D}"
EndProject
Project("{FAE04EC0-301F-11D3-BF4B-00C04F79EFBC}") = "Invoke_Test2", "Invoke_Test2\Invoke_Test2.csproj", "{4729DAA1-937D-4CF4-98D8-EC475D7834D9}"
EndProject
Global
	GlobalSection(SolutionConfigurationPlatforms) = preSolution
		Debug|Any CPU = Debug|Any CPU
		Release|Any CPU = Release|Any CPU
	EndGlobalSection
	GlobalSection(ProjectConfigurationPlatforms) = postSolution
		{21454532-4C75-42CA-AAE0-416BE0A6D91D}.Debug|Any CPU.ActiveCfg = Debug|Any CPU
		{21454532-4C75-42CA-AAE0-416BE0A6D91D}.Debug|Any CPU.Build.0 = Debug|Any CPU
		{21454532-4C75-42CA-AAE0-416BE0A6D91D}.Release|Any CPU.ActiveCfg = Release|Any CPU
		{21454532-4C75-42CA-AAE0-416BE0A6D91D}.Release|Any CPU.Build.0 = Release|Any CPU
		{4729DAA1-937D-4CF4-98D8-EC475D7834D9}.Debug|Any CPU.ActiveCfg = Debug|Any CPU
		{4729DAA1-937D-4CF4-98D8-EC475D7834D9}.Debug|Any CPU.Build.0 = Debug|Any CPU
		{4729DAA1-937D-4CF4-98D8-EC475D7834D9}.Release|Any CPU.ActiveCfg = Release|Any CPU
		{4729DAA1-937D-4CF4-98D8-EC475D7834D9}.Release|Any CPU.Build.0 = Release|Any CPU
	EndGlobalSection
	GlobalSection(SolutionProperties) = preSolution
		HideSolutionNode = FALSE
	EndGlobalSection
EndGlobal
